// !$*UTF8*$!
{
	archiveVersion = 1;
	classes = {
	};
	objectVersion = 55;
	objects = {

/* Begin PBXBuildFile section */
		3F1D8CE427E6230200E8FA2F /* PersonModel.swift in Sources */ = {isa = PBXBuildFile; fileRef = 3F1D8CE327E6230200E8FA2F /* PersonModel.swift */; };
		3F1D8CE627E6237600E8FA2F /* NuritonModel.swift in Sources */ = {isa = PBXBuildFile; fileRef = 3F1D8CE527E6237600E8FA2F /* NuritonModel.swift */; };
		3F1D8CEC27E743D900E8FA2F /* ListModel.swift in Sources */ = {isa = PBXBuildFile; fileRef = 3F1D8CEB27E743D900E8FA2F /* ListModel.swift */; };
		3F8C6B3D27F498A00016EF66 /* NuritionViewModel.swift in Sources */ = {isa = PBXBuildFile; fileRef = 3F8C6B3C27F498A00016EF66 /* NuritionViewModel.swift */; };
		3F9228D127F3C4CE002F6223 /* LaunchScreen.storyboard in Resources */ = {isa = PBXBuildFile; fileRef = 3F9228D027F3C4CE002F6223 /* LaunchScreen.storyboard */; };
		3FA5257C27E530B70014941F /* FitAppApp.swift in Sources */ = {isa = PBXBuildFile; fileRef = 3FA5257B27E530B70014941F /* FitAppApp.swift */; };
		3FA5257E27E530B70014941F /* ContentView.swift in Sources */ = {isa = PBXBuildFile; fileRef = 3FA5257D27E530B70014941F /* ContentView.swift */; };
		3FA5258027E530B90014941F /* Assets.xcassets in Resources */ = {isa = PBXBuildFile; fileRef = 3FA5257F27E530B90014941F /* Assets.xcassets */; };
		3FA5258327E530B90014941F /* Preview Assets.xcassets in Resources */ = {isa = PBXBuildFile; fileRef = 3FA5258227E530B90014941F /* Preview Assets.xcassets */; };
		3FA5258B27E531180014941F /* DiagramView.swift in Sources */ = {isa = PBXBuildFile; fileRef = 3FA5258A27E531180014941F /* DiagramView.swift */; };
		3FA5258D27E548D90014941F /* MealsView.swift in Sources */ = {isa = PBXBuildFile; fileRef = 3FA5258C27E548D90014941F /* MealsView.swift */; };
		3FA5258F27E54AF70014941F /* SettingsView.swift in Sources */ = {isa = PBXBuildFile; fileRef = 3FA5258E27E54AF70014941F /* SettingsView.swift */; };
		3FA5259127E54DE00014941F /* NuritonCalculator.swift in Sources */ = {isa = PBXBuildFile; fileRef = 3FA5259027E54DE00014941F /* NuritonCalculator.swift */; };
/* End PBXBuildFile section */

/* Begin PBXFileReference section */
		3F1D8CE327E6230200E8FA2F /* PersonModel.swift */ = {isa = PBXFileReference; lastKnownFileType = sourcecode.swift; path = PersonModel.swift; sourceTree = "<group>"; };
		3F1D8CE527E6237600E8FA2F /* NuritonModel.swift */ = {isa = PBXFileReference; lastKnownFileType = sourcecode.swift; path = NuritonModel.swift; sourceTree = "<group>"; };
		3F1D8CEB27E743D900E8FA2F /* ListModel.swift */ = {isa = PBXFileReference; lastKnownFileType = sourcecode.swift; path = ListModel.swift; sourceTree = "<group>"; };
		3F8C6B3C27F498A00016EF66 /* NuritionViewModel.swift */ = {isa = PBXFileReference; fileEncoding = 4; lastKnownFileType = sourcecode.swift; name = NuritionViewModel.swift; path = ../../../NuritionViewModel.swift; sourceTree = "<group>"; };
		3F9228D027F3C4CE002F6223 /* LaunchScreen.storyboard */ = {isa = PBXFileReference; lastKnownFileType = file.storyboard; path = LaunchScreen.storyboard; sourceTree = "<group>"; };
		3FA5257827E530B70014941F /* FitApp.app */ = {isa = PBXFileReference; explicitFileType = wrapper.application; includeInIndex = 0; path = FitApp.app; sourceTree = BUILT_PRODUCTS_DIR; };
		3FA5257B27E530B70014941F /* FitAppApp.swift */ = {isa = PBXFileReference; lastKnownFileType = sourcecode.swift; path = FitAppApp.swift; sourceTree = "<group>"; };
		3FA5257D27E530B70014941F /* ContentView.swift */ = {isa = PBXFileReference; lastKnownFileType = sourcecode.swift; path = ContentView.swift; sourceTree = "<group>"; };
		3FA5257F27E530B90014941F /* Assets.xcassets */ = {isa = PBXFileReference; lastKnownFileType = folder.assetcatalog; path = Assets.xcassets; sourceTree = "<group>"; };
		3FA5258227E530B90014941F /* Preview Assets.xcassets */ = {isa = PBXFileReference; lastKnownFileType = folder.assetcatalog; path = "Preview Assets.xcassets"; sourceTree = "<group>"; };
		3FA5258A27E531180014941F /* DiagramView.swift */ = {isa = PBXFileReference; lastKnownFileType = sourcecode.swift; path = DiagramView.swift; sourceTree = "<group>"; };
		3FA5258C27E548D90014941F /* MealsView.swift */ = {isa = PBXFileReference; lastKnownFileType = sourcecode.swift; path = MealsView.swift; sourceTree = "<group>"; };
		3FA5258E27E54AF70014941F /* SettingsView.swift */ = {isa = PBXFileReference; lastKnownFileType = sourcecode.swift; path = SettingsView.swift; sourceTree = "<group>"; };
		3FA5259027E54DE00014941F /* NuritonCalculator.swift */ = {isa = PBXFileReference; lastKnownFileType = sourcecode.swift; path = NuritonCalculator.swift; sourceTree = "<group>"; };
/* End PBXFileReference section */

/* Begin PBXFrameworksBuildPhase section */
		3FA5257527E530B70014941F /* Frameworks */ = {
			isa = PBXFrameworksBuildPhase;
			buildActionMask = 2147483647;
			files = (
			);
			runOnlyForDeploymentPostprocessing = 0;
		};
/* End PBXFrameworksBuildPhase section */

/* Begin PBXGroup section */
		3F1D8CE227E622EF00E8FA2F /* Model */ = {
			isa = PBXGroup;
			children = (
				3F1D8CE327E6230200E8FA2F /* PersonModel.swift */,
				3F1D8CE527E6237600E8FA2F /* NuritonModel.swift */,
				3F1D8CEB27E743D900E8FA2F /* ListModel.swift */,
			);
			path = Model;
			sourceTree = "<group>";
		};
		3F1D8CE827E6249200E8FA2F /* ViewModel */ = {
			isa = PBXGroup;
			children = (
				3F8C6B3C27F498A00016EF66 /* NuritionViewModel.swift */,
				3FA5259027E54DE00014941F /* NuritonCalculator.swift */,
			);
			path = ViewModel;
			sourceTree = "<group>";
		};
		3FA5256F27E530B60014941F = {
			isa = PBXGroup;
			children = (
				3FA5257A27E530B70014941F /* FitApp */,
				3FA5257927E530B70014941F /* Products */,
			);
			sourceTree = "<group>";
		};
		3FA5257927E530B70014941F /* Products */ = {
			isa = PBXGroup;
			children = (
				3FA5257827E530B70014941F /* FitApp.app */,
			);
			name = Products;
			sourceTree = "<group>";
		};
		3FA5257A27E530B70014941F /* FitApp */ = {
			isa = PBXGroup;
			children = (
				3FA5257B27E530B70014941F /* FitAppApp.swift */,
				3F1D8CE227E622EF00E8FA2F /* Model */,
				3FA5258927E530ED0014941F /* View */,
				3F1D8CE827E6249200E8FA2F /* ViewModel */,
				3FA5257F27E530B90014941F /* Assets.xcassets */,
				3FA5258127E530B90014941F /* Preview Content */,
			);
			path = FitApp;
			sourceTree = "<group>";
		};
		3FA5258127E530B90014941F /* Preview Content */ = {
			isa = PBXGroup;
			children = (
				3FA5258227E530B90014941F /* Preview Assets.xcassets */,
			);
			path = "Preview Content";
			sourceTree = "<group>";
		};
		3FA5258927E530ED0014941F /* View */ = {
			isa = PBXGroup;
			children = (
				3F9228D027F3C4CE002F6223 /* LaunchScreen.storyboard */,
				3FA5257D27E530B70014941F /* ContentView.swift */,
				3FA5258C27E548D90014941F /* MealsView.swift */,
				3FA5258A27E531180014941F /* DiagramView.swift */,
				3FA5258E27E54AF70014941F /* SettingsView.swift */,
			);
			path = View;
			sourceTree = "<group>";
		};
/* End PBXGroup section */

/* Begin PBXNativeTarget section */
		3FA5257727E530B70014941F /* FitApp */ = {
			isa = PBXNativeTarget;
			buildConfigurationList = 3FA5258627E530B90014941F /* Build configuration list for PBXNativeTarget "FitApp" */;
			buildPhases = (
				3FA5257427E530B70014941F /* Sources */,
				3FA5257527E530B70014941F /* Frameworks */,
				3FA5257627E530B70014941F /* Resources */,
			);
			buildRules = (
			);
			dependencies = (
			);
			name = FitApp;
			productName = FitApp;
			productReference = 3FA5257827E530B70014941F /* FitApp.app */;
			productType = "com.apple.product-type.application";
		};
/* End PBXNativeTarget section */

/* Begin PBXProject section */
		3FA5257027E530B60014941F /* Project object */ = {
			isa = PBXProject;
			attributes = {
				BuildIndependentTargetsInParallel = 1;
				LastSwiftUpdateCheck = 1330;
				LastUpgradeCheck = 1330;
				TargetAttributes = {
					3FA5257727E530B70014941F = {
						CreatedOnToolsVersion = 13.3;
					};
				};
			};
			buildConfigurationList = 3FA5257327E530B60014941F /* Build configuration list for PBXProject "FitApp" */;
			compatibilityVersion = "Xcode 13.0";
			developmentRegion = en;
			hasScannedForEncodings = 0;
			knownRegions = (
				en,
				Base,
			);
			mainGroup = 3FA5256F27E530B60014941F;
			productRefGroup = 3FA5257927E530B70014941F /* Products */;
			projectDirPath = "";
			projectRoot = "";
			targets = (
				3FA5257727E530B70014941F /* FitApp */,
			);
		};
/* End PBXProject section */

/* Begin PBXResourcesBuildPhase section */
		3FA5257627E530B70014941F /* Resources */ = {
			isa = PBXResourcesBuildPhase;
			buildActionMask = 2147483647;
			files = (
				3F9228D127F3C4CE002F6223 /* LaunchScreen.storyboard in Resources */,
				3FA5258327E530B90014941F /* Preview Assets.xcassets in Resources */,
				3FA5258027E530B90014941F /* Assets.xcassets in Resources */,
			);
			runOnlyForDeploymentPostprocessing = 0;
		};
/* End PBXResourcesBuildPhase section */

/* Begin PBXSourcesBuildPhase section */
		3FA5257427E530B70014941F /* Sources */ = {
			isa = PBXSourcesBuildPhase;
			buildActionMask = 2147483647;
			files = (
				3FA5258F27E54AF70014941F /* SettingsView.swift in Sources */,
				3F1D8CE427E6230200E8FA2F /* PersonModel.swift in Sources */,
				3FA5259127E54DE00014941F /* NuritonCalculator.swift in Sources */,
				3FA5257E27E530B70014941F /* ContentView.swift in Sources */,
				3FA5258B27E531180014941F /* DiagramView.swift in Sources */,
				3F1D8CE627E6237600E8FA2F /* NuritonModel.swift in Sources */,
				3FA5257C27E530B70014941F /* FitAppApp.swift in Sources */,
				3FA5258D27E548D90014941F /* MealsView.swift in Sources */,
				3F8C6B3D27F498A00016EF66 /* NuritionViewModel.swift in Sources */,
				3F1D8CEC27E743D900E8FA2F /* ListModel.swift in Sources */,
			);
			runOnlyForDeploymentPostprocessing = 0;
		};
/* End PBXSourcesBuildPhase section */

/* Begin XCBuildConfiguration section */
		3FA5258427E530B90014941F /* Debug */ = {
			isa = XCBuildConfiguration;
			buildSettings = {
				ALWAYS_SEARCH_USER_PATHS = NO;
				CLANG_ANALYZER_NONNULL = YES;
				CLANG_ANALYZER_NUMBER_OBJECT_CONVERSION = YES_AGGRESSIVE;
				CLANG_CXX_LANGUAGE_STANDARD = "gnu++17";
				CLANG_ENABLE_MODULES = YES;
				CLANG_ENABLE_OBJC_ARC = YES;
				CLANG_ENABLE_OBJC_WEAK = YES;
				CLANG_WARN_BLOCK_CAPTURE_AUTORELEASING = YES;
				CLANG_WARN_BOOL_CONVERSION = YES;
				CLANG_WARN_COMMA = YES;
				CLANG_WARN_CONSTANT_CONVERSION = YES;
				CLANG_WARN_DEPRECATED_OBJC_IMPLEMENTATIONS = YES;
				CLANG_WARN_DIRECT_OBJC_ISA_USAGE = YES_ERROR;
				CLANG_WARN_DOCUMENTATION_COMMENTS = YES;
				CLANG_WARN_EMPTY_BODY = YES;
				CLANG_WARN_ENUM_CONVERSION = YES;
				CLANG_WARN_INFINITE_RECURSION = YES;
				CLANG_WARN_INT_CONVERSION = YES;
				CLANG_WARN_NON_LITERAL_NULL_CONVERSION = YES;
				CLANG_WARN_OBJC_IMPLICIT_RETAIN_SELF = YES;
				CLANG_WARN_OBJC_LITERAL_CONVERSION = YES;
				CLANG_WARN_OBJC_ROOT_CLASS = YES_ERROR;
				CLANG_WARN_QUOTED_INCLUDE_IN_FRAMEWORK_HEADER = YES;
				CLANG_WARN_RANGE_LOOP_ANALYSIS = YES;
				CLANG_WARN_STRICT_PROTOTYPES = YES;
				CLANG_WARN_SUSPICIOUS_MOVE = YES;
				CLANG_WARN_UNGUARDED_AVAILABILITY = YES_AGGRESSIVE;
				CLANG_WARN_UNREACHABLE_CODE = YES;
				CLANG_WARN__DUPLICATE_METHOD_MATCH = YES;
				COPY_PHASE_STRIP = NO;
				DEBUG_INFORMATION_FORMAT = dwarf;
				ENABLE_STRICT_OBJC_MSGSEND = YES;
				ENABLE_TESTABILITY = YES;
				GCC_C_LANGUAGE_STANDARD = gnu11;
				GCC_DYNAMIC_NO_PIC = NO;
				GCC_NO_COMMON_BLOCKS = YES;
				GCC_OPTIMIZATION_LEVEL = 0;
				GCC_PREPROCESSOR_DEFINITIONS = (
					"DEBUG=1",
					"$(inherited)",
				);
				GCC_WARN_64_TO_32_BIT_CONVERSION = YES;
				GCC_WARN_ABOUT_RETURN_TYPE = YES_ERROR;
				GCC_WARN_UNDECLARED_SELECTOR = YES;
				GCC_WARN_UNINITIALIZED_AUTOS = YES_AGGRESSIVE;
				GCC_WARN_UNUSED_FUNCTION = YES;
				GCC_WARN_UNUSED_VARIABLE = YES;
				IPHONEOS_DEPLOYMENT_TARGET = 15.4;
				MTL_ENABLE_DEBUG_INFO = INCLUDE_SOURCE;
				MTL_FAST_MATH = YES;
				ONLY_ACTIVE_ARCH = YES;
				SDKROOT = iphoneos;
				SWIFT_ACTIVE_COMPILATION_CONDITIONS = DEBUG;
				SWIFT_OPTIMIZATION_LEVEL = "-Onone";
			};
			name = Debug;
		};
		3FA5258527E530B90014941F /* Release */ = {
			isa = XCBuildConfiguration;
			buildSettings = {
				ALWAYS_SEARCH_USER_PATHS = NO;
				CLANG_ANALYZER_NONNULL = YES;
				CLANG_ANALYZER_NUMBER_OBJECT_CONVERSION = YES_AGGRESSIVE;
				CLANG_CXX_LANGUAGE_STANDARD = "gnu++17";
				CLANG_ENABLE_MODULES = YES;
				CLANG_ENABLE_OBJC_ARC = YES;
				CLANG_ENABLE_OBJC_WEAK = YES;
				CLANG_WARN_BLOCK_CAPTURE_AUTORELEASING = YES;
				CLANG_WARN_BOOL_CONVERSION = YES;
				CLANG_WARN_COMMA = YES;
				CLANG_WARN_CONSTANT_CONVERSION = YES;
				CLANG_WARN_DEPRECATED_OBJC_IMPLEMENTATIONS = YES;
				CLANG_WARN_DIRECT_OBJC_ISA_USAGE = YES_ERROR;
				CLANG_WARN_DOCUMENTATION_COMMENTS = YES;
				CLANG_WARN_EMPTY_BODY = YES;
				CLANG_WARN_ENUM_CONVERSION = YES;
				CLANG_WARN_INFINITE_RECURSION = YES;
				CLANG_WARN_INT_CONVERSION = YES;
				CLANG_WARN_NON_LITERAL_NULL_CONVERSION = YES;
				CLANG_WARN_OBJC_IMPLICIT_RETAIN_SELF = YES;
				CLANG_WARN_OBJC_LITERAL_CONVERSION = YES;
				CLANG_WARN_OBJC_ROOT_CLASS = YES_ERROR;
				CLANG_WARN_QUOTED_INCLUDE_IN_FRAMEWORK_HEADER = YES;
				CLANG_WARN_RANGE_LOOP_ANALYSIS = YES;
				CLANG_WARN_STRICT_PROTOTYPES = YES;
				CLANG_WARN_SUSPICIOUS_MOVE = YES;
				CLANG_WARN_UNGUARDED_AVAILABILITY = YES_AGGRESSIVE;
				CLANG_WARN_UNREACHABLE_CODE = YES;
				CLANG_WARN__DUPLICATE_METHOD_MATCH = YES;
				COPY_PHASE_STRIP = NO;
				DEBUG_INFORMATION_FORMAT = "dwarf-with-dsym";
				ENABLE_NS_ASSERTIONS = NO;
				ENABLE_STRICT_OBJC_MSGSEND = YES;
				GCC_C_LANGUAGE_STANDARD = gnu11;
				GCC_NO_COMMON_BLOCKS = YES;
				GCC_WARN_64_TO_32_BIT_CONVERSION = YES;
				GCC_WARN_ABOUT_RETURN_TYPE = YES_ERROR;
				GCC_WARN_UNDECLARED_SELECTOR = YES;
				GCC_WARN_UNINITIALIZED_AUTOS = YES_AGGRESSIVE;
				GCC_WARN_UNUSED_FUNCTION = YES;
				GCC_WARN_UNUSED_VARIABLE = YES;
				IPHONEOS_DEPLOYMENT_TARGET = 15.4;
				MTL_ENABLE_DEBUG_INFO = NO;
				MTL_FAST_MATH = YES;
				SDKROOT = iphoneos;
				SWIFT_COMPILATION_MODE = wholemodule;
				SWIFT_OPTIMIZATION_LEVEL = "-O";
				VALIDATE_PRODUCT = YES;
			};
			name = Release;
		};
		3FA5258727E530B90014941F /* Debug */ = {
			isa = XCBuildConfiguration;
			buildSettings = {
				ASSETCATALOG_COMPILER_APPICON_NAME = AppIcon;
				ASSETCATALOG_COMPILER_GLOBAL_ACCENT_COLOR_NAME = AccentColor;
				CODE_SIGN_STYLE = Automatic;
				CURRENT_PROJECT_VERSION = 1;
				DEVELOPMENT_ASSET_PATHS = "\"FitApp/Preview Content\"";
				ENABLE_PREVIEWS = YES;
				GENERATE_INFOPLIST_FILE = YES;
				INFOPLIST_KEY_UIApplicationSceneManifest_Generation = YES;
				INFOPLIST_KEY_UIApplicationSupportsIndirectInputEvents = YES;
				INFOPLIST_KEY_UILaunchScreen_Generation = YES;
				INFOPLIST_KEY_UILaunchStoryboardName = LaunchScreen;
				INFOPLIST_KEY_UISupportedInterfaceOrientations_iPad = "UIInterfaceOrientationPortrait UIInterfaceOrientationPortraitUpsideDown UIInterfaceOrientationLandscapeLeft UIInterfaceOrientationLandscapeRight";
				INFOPLIST_KEY_UISupportedInterfaceOrientations_iPhone = "UIInterfaceOrientationPortrait UIInterfaceOrientationLandscapeLeft UIInterfaceOrientationLandscapeRight";
				LD_RUNPATH_SEARCH_PATHS = (
					"$(inherited)",
					"@executable_path/Frameworks",
				);
				MARKETING_VERSION = 1.0;
				PRODUCT_BUNDLE_IDENTIFIER = jakubmalczyk.FitApp;
				PRODUCT_NAME = "$(TARGET_NAME)";
				SWIFT_EMIT_LOC_STRINGS = YES;
				SWIFT_VERSION = 5.0;
				TARGETED_DEVICE_FAMILY = "1,2";
			};
			name = Debug;
		};
		3FA5258827E530B90014941F /* Release */ = {
			isa = XCBuildConfiguration;
			buildSettings = {
				ASSETCATALOG_COMPILER_APPICON_NAME = AppIcon;
				ASSETCATALOG_COMPILER_GLOBAL_ACCENT_COLOR_NAME = AccentColor;
				CODE_SIGN_STYLE = Automatic;
				CURRENT_PROJECT_VERSION = 1;
				DEVELOPMENT_ASSET_PATHS = "\"FitApp/Preview Content\"";
				ENABLE_PREVIEWS = YES;
				GENERATE_INFOPLIST_FILE = YES;
				INFOPLIST_KEY_UIApplicationSceneManifest_Generation = YES;
				INFOPLIST_KEY_UIApplicationSupportsIndirectInputEvents = YES;
				INFOPLIST_KEY_UILaunchScreen_Generation = YES;
				INFOPLIST_KEY_UILaunchStoryboardName = LaunchScreen;
				INFOPLIST_KEY_UISupportedInterfaceOrientations_iPad = "UIInterfaceOrientationPortrait UIInterfaceOrientationPortraitUpsideDown UIInterfaceOrientationLandscapeLeft UIInterfaceOrientationLandscapeRight";
				INFOPLIST_KEY_UISupportedInterfaceOrientations_iPhone = "UIInterfaceOrientationPortrait UIInterfaceOrientationLandscapeLeft UIInterfaceOrientationLandscapeRight";
				LD_RUNPATH_SEARCH_PATHS = (
					"$(inherited)",
					"@executable_path/Frameworks",
				);
				MARKETING_VERSION = 1.0;
				PRODUCT_BUNDLE_IDENTIFIER = jakubmalczyk.FitApp;
				PRODUCT_NAME = "$(TARGET_NAME)";
				SWIFT_EMIT_LOC_STRINGS = YES;
				SWIFT_VERSION = 5.0;
				TARGETED_DEVICE_FAMILY = "1,2";
			};
			name = Release;
		};
/* End XCBuildConfiguration section */

/* Begin XCConfigurationList section */
		3FA5257327E530B60014941F /* Build configuration list for PBXProject "FitApp" */ = {
			isa = XCConfigurationList;
			buildConfigurations = (
				3FA5258427E530B90014941F /* Debug */,
				3FA5258527E530B90014941F /* Release */,
			);
			defaultConfigurationIsVisible = 0;
			defaultConfigurationName = Release;
		};
		3FA5258627E530B90014941F /* Build configuration list for PBXNativeTarget "FitApp" */ = {
			isa = XCConfigurationList;
			buildConfigurations = (
				3FA5258727E530B90014941F /* Debug */,
				3FA5258827E530B90014941F /* Release */,
			);
			defaultConfigurationIsVisible = 0;
			defaultConfigurationName = Release;
		};
/* End XCConfigurationList section */
	};
	rootObject = 3FA5257027E530B60014941F /* Project object */;
}
